
Microsoft Visual Studio Solution File, Format Version 12.00
# Visual Studio Version 17
VisualStudioVersion = 17.7.34221.43
MinimumVisualStudioVersion = 10.0.40219.1
Project("{FAE04EC0-301F-11D3-BF4B-00C04F79EFBC}") = "WpfApp1", "WpfApp1\WpfApp1.csproj", "{A2AD6764-CCB2-4165-B19E-1A352366453D}"
EndProject
Global
	GlobalSection(SolutionConfigurationPlatforms) = preSolution
		Debug|Any CPU = Debug|Any CPU
		Release|Any CPU = Release|Any CPU
	EndGlobalSection
	GlobalSection(ProjectConfigurationPlatforms) = postSolution
		{A2AD6764-CCB2-4165-B19E-1A352366453D}.Debug|Any CPU.ActiveCfg = Debug|Any CPU
		{A2AD6764-CCB2-4165-B19E-1A352366453D}.Debug|Any CPU.Build.0 = Debug|Any CPU
		{A2AD6764-CCB2-4165-B19E-1A352366453D}.Release|Any CPU.ActiveCfg = Release|Any CPU
		{A2AD6764-CCB2-4165-B19E-1A352366453D}.Release|Any CPU.Build.0 = Release|Any CPU
	EndGlobalSection
	GlobalSection(SolutionProperties) = preSolution
		HideSolutionNode = FALSE
	EndGlobalSection
	GlobalSection(ExtensibilityGlobals) = postSolution
		SolutionGuid = {03EBA587-BB3F-404A-AE51-2AA26DB5193A}
	EndGlobalSection
EndGlobal
